
Microsoft Visual Studio Solution File, Format Version 12.00
# Visual Studio Version 17
VisualStudioVersion = 17.8.34004.107
MinimumVisualStudioVersion = 10.0.40219.1
Project("{9A19103F-16F7-4668-BE54-9A1E7A4F7556}") = "TimeBilling.Contracts", "TimeBilling.Contracts\TimeBilling.Contracts.csproj", "{C4416A2F-C7BD-413E-B6E4-609A9024F05A}"
EndProject
Project("{9A19103F-16F7-4668-BE54-9A1E7A4F7556}") = "TimeBilling.Model", "TimeBilling.Model\TimeBilling.Model.csproj", "{F1E136A0-EBB8-4DCE-9702-0A2880C13083}"
EndProject
Project("{9A19103F-16F7-4668-BE54-9A1E7A4F7556}") = "TimeBilling.Persistance", "TimeBilling.Persistance\TimeBilling.Persistance.csproj", "{3EC5447C-4C73-435E-8F94-612B7F47112F}"
EndProject
Project("{9A19103F-16F7-4668-BE54-9A1E7A4F7556}") = "TimeBilling.Domain.Abstract", "TimeBilling.Domain.Abstract\TimeBilling.Domain.Abstract.csproj", "{85763806-80AA-4010-A9E9-3B5FA24B5CC3}"
EndProject
Project("{9A19103F-16F7-4668-BE54-9A1E7A4F7556}") = "TimeBilling.Domain", "TimeBilling.Domain\TimeBilling.Domain.csproj", "{C7257C48-B6A2-4758-A644-28E5A6E97464}"
EndProject
Project("{9A19103F-16F7-4668-BE54-9A1E7A4F7556}") = "TimeBilling.Api", "TimeBilling.Api\TimeBilling.Api.csproj", "{8454BA1F-A2E2-4DDF-95DD-DA228C319263}"
EndProject
Project("{2150E333-8FDC-42A3-9474-1A3956D46DE8}") = "Api", "Api", "{5C3E0730-76D2-488D-993B-5F29E094B360}"
EndProject
Project("{2150E333-8FDC-42A3-9474-1A3956D46DE8}") = "Common", "Common", "{45F2B0C5-79D9-45CD-83E5-6AC884865826}"
EndProject
Project("{2150E333-8FDC-42A3-9474-1A3956D46DE8}") = "App", "App", "{0F8653A9-0596-4404-954B-3E10533F21EA}"
EndProject
Project("{2150E333-8FDC-42A3-9474-1A3956D46DE8}") = "Web", "Web", "{7747E51B-3DDD-47B8-B5AF-A1C246C95298}"
EndProject
Project("{54A90642-561A-4BB1-A94E-469ADEE60C69}") = "TimeBilling.Web", "TimeBilling.Web\TimeBilling.Web.esproj", "{8F73C864-534C-4F34-BC1D-CA06A7ED292E}"
EndProject
Project("{2150E333-8FDC-42A3-9474-1A3956D46DE8}") = "Tests", "Tests", "{43BBC256-8F53-4B4D-B606-DC8BEC1FF59A}"
EndProject
Project("{9A19103F-16F7-4668-BE54-9A1E7A4F7556}") = "TimeBilling.Domain.UnitTests", "TimeBilling.Domain.UnitTests\TimeBilling.Domain.UnitTests.csproj", "{4D6CA4F5-C107-415F-944C-BFB286880786}"
EndProject
Project("{9A19103F-16F7-4668-BE54-9A1E7A4F7556}") = "TimeBilling.Persistance.UnitTests", "TimeBilling.Persistance.UnitTests\TimeBilling.Persistance.UnitTests.csproj", "{2FCEEFF2-4ADA-4DF7-9232-9CF49B215428}"
EndProject
Project("{9A19103F-16F7-4668-BE54-9A1E7A4F7556}") = "TimeBilling.Api.UnitTests", "TimeBilling.Api.UnitTests\TimeBilling.Api.UnitTests.csproj", "{31CFDC63-57B2-44DD-878F-E224ED0A95AE}"
EndProject
Project("{9A19103F-16F7-4668-BE54-9A1E7A4F7556}") = "TimeBilling.Maui", "TimeBilling.Maui\TimeBilling.Maui.csproj", "{D368F0CD-D0DD-4ACF-BE79-298B8AB41318}"
EndProject
Project("{2150E333-8FDC-42A3-9474-1A3956D46DE8}") = "deploy", "deploy", "{BA48A816-F983-4095-B239-E9429EC86250}"
	ProjectSection(SolutionItems) = preProject
		BuildWithVersioning.ps1 = BuildWithVersioning.ps1
		DeployWithVersioning.ps1 = DeployWithVersioning.ps1
	EndProjectSection
EndProject
Project("{2150E333-8FDC-42A3-9474-1A3956D46DE8}") = "TimeBilling.Web", "TimeBilling.Web", "{5B798B8D-A6F8-4158-A290-CF984719341E}"
	ProjectSection(SolutionItems) = preProject
		deploy\TimeBilling.Web\deployment.yaml = deploy\TimeBilling.Web\deployment.yaml
		deploy\TimeBilling.Web\ingress.yaml = deploy\TimeBilling.Web\ingress.yaml
		deploy\TimeBilling.Web\kustomization.yaml = deploy\TimeBilling.Web\kustomization.yaml
		deploy\TimeBilling.Web\namespace.yaml = deploy\TimeBilling.Web\namespace.yaml
		deploy\TimeBilling.Web\service.yaml = deploy\TimeBilling.Web\service.yaml
	EndProjectSection
EndProject
Project("{2150E333-8FDC-42A3-9474-1A3956D46DE8}") = "TimeBilling.Api", "TimeBilling.Api", "{861FDD12-B0EC-45C7-BCFE-AF1CC73293C9}"
	ProjectSection(SolutionItems) = preProject
		deploy\TimeBilling.Api\configmap.yaml = deploy\TimeBilling.Api\configmap.yaml
		deploy\TimeBilling.Api\create-sealed-secret.ps1 = deploy\TimeBilling.Api\create-sealed-secret.ps1
		deploy\TimeBilling.Api\create-sealed-secret.sh = deploy\TimeBilling.Api\create-sealed-secret.sh
		deploy\TimeBilling.Api\deployment.yaml = deploy\TimeBilling.Api\deployment.yaml
		deploy\TimeBilling.Api\ingress.yaml = deploy\TimeBilling.Api\ingress.yaml
		deploy\TimeBilling.Api\kustomization.yaml = deploy\TimeBilling.Api\kustomization.yaml
		deploy\TimeBilling.Api\namespace.yaml = deploy\TimeBilling.Api\namespace.yaml
		deploy\TimeBilling.Api\persistentvolume.yaml = deploy\TimeBilling.Api\persistentvolume.yaml
		deploy\TimeBilling.Api\persistentvolumeclaim.yaml = deploy\TimeBilling.Api\persistentvolumeclaim.yaml
		deploy\TimeBilling.Api\secret.yaml = deploy\TimeBilling.Api\secret.yaml
		deploy\TimeBilling.Api\service.yaml = deploy\TimeBilling.Api\service.yaml
	EndProjectSection
EndProject
Project("{2150E333-8FDC-42A3-9474-1A3956D46DE8}") = "secrets", "secrets", "{35DA8538-2F6B-498D-A75E-6579DA90284D}"
	ProjectSection(SolutionItems) = preProject
		deploy\TimeBilling.Api\secrets\ConnectionStrings__TimeBillingDb = deploy\TimeBilling.Api\secrets\ConnectionStrings__TimeBillingDb
		deploy\TimeBilling.Api\secrets\ConnectionStrings__TimeBillingIdentity = deploy\TimeBilling.Api\secrets\ConnectionStrings__TimeBillingIdentity
	EndProjectSection
EndProject
Project("{FAE04EC0-301F-11D3-BF4B-00C04F79EFBC}") = "TimeBilling.Queries", "TimeBilling.Queries\TimeBilling.Queries.csproj", "{09BEAFA6-E677-4418-8DA8-6E801D17E194}"
EndProject
Project("{FAE04EC0-301F-11D3-BF4B-00C04F79EFBC}") = "TestDapper", "TestDapper\TestDapper.csproj", "{D5D6DB79-0962-42A8-8550-1D16D53D9D9F}"
EndProject
Global
	GlobalSection(SolutionConfigurationPlatforms) = preSolution
		Debug|Any CPU = Debug|Any CPU
		Release|Any CPU = Release|Any CPU
	EndGlobalSection
	GlobalSection(ProjectConfigurationPlatforms) = postSolution
		{C4416A2F-C7BD-413E-B6E4-609A9024F05A}.Debug|Any CPU.ActiveCfg = Debug|Any CPU
		{C4416A2F-C7BD-413E-B6E4-609A9024F05A}.Debug|Any CPU.Build.0 = Debug|Any CPU
		{C4416A2F-C7BD-413E-B6E4-609A9024F05A}.Release|Any CPU.ActiveCfg = Release|Any CPU
		{C4416A2F-C7BD-413E-B6E4-609A9024F05A}.Release|Any CPU.Build.0 = Release|Any CPU
		{F1E136A0-EBB8-4DCE-9702-0A2880C13083}.Debug|Any CPU.ActiveCfg = Debug|Any CPU
		{F1E136A0-EBB8-4DCE-9702-0A2880C13083}.Debug|Any CPU.Build.0 = Debug|Any CPU
		{F1E136A0-EBB8-4DCE-9702-0A2880C13083}.Release|Any CPU.ActiveCfg = Release|Any CPU
		{F1E136A0-EBB8-4DCE-9702-0A2880C13083}.Release|Any CPU.Build.0 = Release|Any CPU
		{3EC5447C-4C73-435E-8F94-612B7F47112F}.Debug|Any CPU.ActiveCfg = Debug|Any CPU
		{3EC5447C-4C73-435E-8F94-612B7F47112F}.Debug|Any CPU.Build.0 = Debug|Any CPU
		{3EC5447C-4C73-435E-8F94-612B7F47112F}.Release|Any CPU.ActiveCfg = Release|Any CPU
		{3EC5447C-4C73-435E-8F94-612B7F47112F}.Release|Any CPU.Build.0 = Release|Any CPU
		{85763806-80AA-4010-A9E9-3B5FA24B5CC3}.Debug|Any CPU.ActiveCfg = Debug|Any CPU
		{85763806-80AA-4010-A9E9-3B5FA24B5CC3}.Debug|Any CPU.Build.0 = Debug|Any CPU
		{85763806-80AA-4010-A9E9-3B5FA24B5CC3}.Release|Any CPU.ActiveCfg = Release|Any CPU
		{85763806-80AA-4010-A9E9-3B5FA24B5CC3}.Release|Any CPU.Build.0 = Release|Any CPU
		{C7257C48-B6A2-4758-A644-28E5A6E97464}.Debug|Any CPU.ActiveCfg = Debug|Any CPU
		{C7257C48-B6A2-4758-A644-28E5A6E97464}.Debug|Any CPU.Build.0 = Debug|Any CPU
		{C7257C48-B6A2-4758-A644-28E5A6E97464}.Release|Any CPU.ActiveCfg = Release|Any CPU
		{C7257C48-B6A2-4758-A644-28E5A6E97464}.Release|Any CPU.Build.0 = Release|Any CPU
		{8454BA1F-A2E2-4DDF-95DD-DA228C319263}.Debug|Any CPU.ActiveCfg = Debug|Any CPU
		{8454BA1F-A2E2-4DDF-95DD-DA228C319263}.Debug|Any CPU.Build.0 = Debug|Any CPU
		{8454BA1F-A2E2-4DDF-95DD-DA228C319263}.Release|Any CPU.ActiveCfg = Release|Any CPU
		{8454BA1F-A2E2-4DDF-95DD-DA228C319263}.Release|Any CPU.Build.0 = Release|Any CPU
		{8F73C864-534C-4F34-BC1D-CA06A7ED292E}.Debug|Any CPU.ActiveCfg = Debug|Any CPU
		{8F73C864-534C-4F34-BC1D-CA06A7ED292E}.Debug|Any CPU.Build.0 = Debug|Any CPU
		{8F73C864-534C-4F34-BC1D-CA06A7ED292E}.Debug|Any CPU.Deploy.0 = Debug|Any CPU
		{8F73C864-534C-4F34-BC1D-CA06A7ED292E}.Release|Any CPU.ActiveCfg = Release|Any CPU
		{8F73C864-534C-4F34-BC1D-CA06A7ED292E}.Release|Any CPU.Build.0 = Release|Any CPU
		{8F73C864-534C-4F34-BC1D-CA06A7ED292E}.Release|Any CPU.Deploy.0 = Release|Any CPU
		{4D6CA4F5-C107-415F-944C-BFB286880786}.Debug|Any CPU.ActiveCfg = Debug|Any CPU
		{4D6CA4F5-C107-415F-944C-BFB286880786}.Debug|Any CPU.Build.0 = Debug|Any CPU
		{4D6CA4F5-C107-415F-944C-BFB286880786}.Release|Any CPU.ActiveCfg = Release|Any CPU
		{4D6CA4F5-C107-415F-944C-BFB286880786}.Release|Any CPU.Build.0 = Release|Any CPU
		{2FCEEFF2-4ADA-4DF7-9232-9CF49B215428}.Debug|Any CPU.ActiveCfg = Debug|Any CPU
		{2FCEEFF2-4ADA-4DF7-9232-9CF49B215428}.Debug|Any CPU.Build.0 = Debug|Any CPU
		{2FCEEFF2-4ADA-4DF7-9232-9CF49B215428}.Release|Any CPU.ActiveCfg = Release|Any CPU
		{2FCEEFF2-4ADA-4DF7-9232-9CF49B215428}.Release|Any CPU.Build.0 = Release|Any CPU
		{31CFDC63-57B2-44DD-878F-E224ED0A95AE}.Debug|Any CPU.ActiveCfg = Debug|Any CPU
		{31CFDC63-57B2-44DD-878F-E224ED0A95AE}.Debug|Any CPU.Build.0 = Debug|Any CPU
		{31CFDC63-57B2-44DD-878F-E224ED0A95AE}.Release|Any CPU.ActiveCfg = Release|Any CPU
		{31CFDC63-57B2-44DD-878F-E224ED0A95AE}.Release|Any CPU.Build.0 = Release|Any CPU
		{D368F0CD-D0DD-4ACF-BE79-298B8AB41318}.Debug|Any CPU.ActiveCfg = Debug|Any CPU
		{D368F0CD-D0DD-4ACF-BE79-298B8AB41318}.Debug|Any CPU.Build.0 = Debug|Any CPU
		{D368F0CD-D0DD-4ACF-BE79-298B8AB41318}.Debug|Any CPU.Deploy.0 = Debug|Any CPU
		{D368F0CD-D0DD-4ACF-BE79-298B8AB41318}.Release|Any CPU.ActiveCfg = Release|Any CPU
		{D368F0CD-D0DD-4ACF-BE79-298B8AB41318}.Release|Any CPU.Build.0 = Release|Any CPU
		{D368F0CD-D0DD-4ACF-BE79-298B8AB41318}.Release|Any CPU.Deploy.0 = Release|Any CPU
		{09BEAFA6-E677-4418-8DA8-6E801D17E194}.Debug|Any CPU.ActiveCfg = Debug|Any CPU
		{09BEAFA6-E677-4418-8DA8-6E801D17E194}.Debug|Any CPU.Build.0 = Debug|Any CPU
		{09BEAFA6-E677-4418-8DA8-6E801D17E194}.Release|Any CPU.ActiveCfg = Release|Any CPU
		{09BEAFA6-E677-4418-8DA8-6E801D17E194}.Release|Any CPU.Build.0 = Release|Any CPU
		{D5D6DB79-0962-42A8-8550-1D16D53D9D9F}.Debug|Any CPU.ActiveCfg = Debug|Any CPU
		{D5D6DB79-0962-42A8-8550-1D16D53D9D9F}.Debug|Any CPU.Build.0 = Debug|Any CPU
		{D5D6DB79-0962-42A8-8550-1D16D53D9D9F}.Release|Any CPU.ActiveCfg = Release|Any CPU
		{D5D6DB79-0962-42A8-8550-1D16D53D9D9F}.Release|Any CPU.Build.0 = Release|Any CPU
	EndGlobalSection
	GlobalSection(SolutionProperties) = preSolution
		HideSolutionNode = FALSE
	EndGlobalSection
	GlobalSection(NestedProjects) = preSolution
		{C4416A2F-C7BD-413E-B6E4-609A9024F05A} = {45F2B0C5-79D9-45CD-83E5-6AC884865826}
		{F1E136A0-EBB8-4DCE-9702-0A2880C13083} = {5C3E0730-76D2-488D-993B-5F29E094B360}
		{3EC5447C-4C73-435E-8F94-612B7F47112F} = {5C3E0730-76D2-488D-993B-5F29E094B360}
		{85763806-80AA-4010-A9E9-3B5FA24B5CC3} = {5C3E0730-76D2-488D-993B-5F29E094B360}
		{C7257C48-B6A2-4758-A644-28E5A6E97464} = {5C3E0730-76D2-488D-993B-5F29E094B360}
		{8454BA1F-A2E2-4DDF-95DD-DA228C319263} = {5C3E0730-76D2-488D-993B-5F29E094B360}
		{8F73C864-534C-4F34-BC1D-CA06A7ED292E} = {7747E51B-3DDD-47B8-B5AF-A1C246C95298}
		{4D6CA4F5-C107-415F-944C-BFB286880786} = {43BBC256-8F53-4B4D-B606-DC8BEC1FF59A}
		{2FCEEFF2-4ADA-4DF7-9232-9CF49B215428} = {43BBC256-8F53-4B4D-B606-DC8BEC1FF59A}
		{31CFDC63-57B2-44DD-878F-E224ED0A95AE} = {43BBC256-8F53-4B4D-B606-DC8BEC1FF59A}
		{D368F0CD-D0DD-4ACF-BE79-298B8AB41318} = {0F8653A9-0596-4404-954B-3E10533F21EA}
		{5B798B8D-A6F8-4158-A290-CF984719341E} = {BA48A816-F983-4095-B239-E9429EC86250}
		{861FDD12-B0EC-45C7-BCFE-AF1CC73293C9} = {BA48A816-F983-4095-B239-E9429EC86250}
		{35DA8538-2F6B-498D-A75E-6579DA90284D} = {861FDD12-B0EC-45C7-BCFE-AF1CC73293C9}
		{09BEAFA6-E677-4418-8DA8-6E801D17E194} = {5C3E0730-76D2-488D-993B-5F29E094B360}
	EndGlobalSection
	GlobalSection(ExtensibilityGlobals) = postSolution
		SolutionGuid = {5682B5B3-C4A8-412D-8AA2-028EDDDE9672}
	EndGlobalSection
EndGlobal
